# skilltree.lock -- DO NOT EDIT MANUALLY
# Generated by skilltree v0.16.0
lockfile_version: 1
packages:
  cy-language-programming:
    type: skill
    group: prod
    path: ./skills/cy-language-programming
    commit: HEAD
    dependencies: []
    source: local
  ocsf-detection-finding:
    type: skill
    group: prod
    path: skills/ocsf-detection-finding
    commit: 5f6e3aded2614baaefebff87df9c87be426467cf
    dependencies: []
    repo: github.com/imarios/open-vibes
    version: 1.2.0
    integrity: sha256-425bd3848485c265e21c0f4133d56b9af44fd2a34b53310a28a2057cc881c4d3
install_targets:
  - .claude
